
Microsoft Visual Studio Solution File, Format Version 11.00
# Visual Studio 2010
Project("{FAE04EC0-301F-11D3-BF4B-00C04F79EFBC}") = "APIInter", "APIInter.csproj", "{7EAF02EF-0BA3-48D0-AE44-81B97BDBEB39}"
EndProject
Global
	GlobalSection(DPCodeReviewSolutionGUID) = preSolution
		DPCodeReviewSolutionGUID = {00000000-0000-0000-0000-000000000000}
	EndGlobalSection
	GlobalSection(SolutionConfigurationPlatforms) = preSolution
		Debug|Any CPU = Debug|Any CPU
		Release|Any CPU = Release|Any CPU
	EndGlobalSection
	GlobalSection(ProjectConfigurationPlatforms) = postSolution
		{7EAF02EF-0BA3-48D0-AE44-81B97BDBEB39}.Debug|Any CPU.ActiveCfg = Debug|Any CPU
		{7EAF02EF-0BA3-48D0-AE44-81B97BDBEB39}.Debug|Any CPU.Build.0 = Debug|Any CPU
		{7EAF02EF-0BA3-48D0-AE44-81B97BDBEB39}.Release|Any CPU.ActiveCfg = Release|Any CPU
		{7EAF02EF-0BA3-48D0-AE44-81B97BDBEB39}.Release|Any CPU.Build.0 = Release|Any CPU
	EndGlobalSection
	GlobalSection(SolutionProperties) = preSolution
		HideSolutionNode = FALSE
	EndGlobalSection
EndGlobal
